{
    "_meta": {
        "hash": {
            "sha256": "a0e422d4d4d3a7bd0f0e8b8f09be4cb6237fa3bcdc2ab85bbeb1d5b7150abffb"
        },
        "pipfile-spec": 6,
        "requires": {
            "python_version": "3.6"
        },
        "sources": [
            {
                "name": "pypi",
                "url": "https://pypi.org/simple",
                "verify_ssl": true
            }
        ]
    },
    "default": {
        "click": {
            "hashes": [
                "sha256:29f99fc6125fbc931b758dc053b3114e55c77a6e4c6c3a2674a2dc986016381d",
                "sha256:f15516df478d5a56180fbf80e68f206010e6d160fc39fa508b65e035fd75130b"
            ],
            "version": "==6.7"
        },
        "flask": {
            "hashes": [
                "sha256:2271c0070dbcb5275fad4a82e29f23ab92682dc45f9dfbc22c02ba9b9322ce48",
                "sha256:a080b744b7e345ccfcbc77954861cb05b3c63786e93f2b3875e0913d44b43f05"
            ],
            "index": "pypi",
            "version": "==1.0.2"
        },
        "itsdangerous": {
            "hashes": [
                "sha256:cbb3fcf8d3e33df861709ecaf89d9e6629cff0a217bc2848f1b41cd30d360519"
            ],
            "version": "==0.24"
        },
        "jinja2": {
            "hashes": [
                "sha256:74c935a1b8bb9a3947c50a54766a969d4846290e1e788ea44c1392163723c3bd",
                "sha256:f84be1bb0040caca4cea721fcbbbbd61f9be9464ca236387158b0feea01914a4"
            ],
            "version": "==2.10"
        },
        "markupsafe": {
            "hashes": [
                "sha256:a6be69091dac236ea9c6bc7d012beab42010fa914c459791d627dad4910eb665"
            ],
            "version": "==1.0"
        },
        "numpy": {
            "hashes": [
                "sha256:0d6d7bbcb54babaf39fe658bcc6f79641c9c62813c6d477802d783c7ba1a437c",
                "sha256:1dc831683f18c11e6b5b7ad3610b9f00417b8d3fc63a8adcdbe68844d9dd6f62",
                "sha256:2185a0f31ecaa0792264fa968c8e0ba6d96acf144b26e2e1d1cd5b77fc11a691",
                "sha256:3ed68b8ef0635e12b06c216d3ed33572d9c15b05a5a5d6ab870d073190c3eef3",
                "sha256:419dfe9bcb09d2e87ecf296c5ebf2b047c568419c89588acc9dbce6d2d761bea",
                "sha256:6105d909e56c4f3f173a7294154eee5da80853104e9c3ebcf9e523fb3bb6cf70",
                "sha256:7fbceea93b6877419d84516705a265dfc4626939a29107a4d04db599bf6cdf8d",
                "sha256:8d87ac65d830ee3087e6bd02b0201e68aed4c715ff2e227e3640e7ded38d8a2e",
                "sha256:939376b3b8d9bd42529a2713534c9bae7f11c774614d4d2f7f2a38cae96101f1",
                "sha256:9e6694912f13afd8b1e15aa8002e9c951a377c94080c5442de154d743a69b3ff",
                "sha256:a1b4a80d59658fc438716095deb1971c6315482b461d976f760d920b6509fd5d",
                "sha256:b037993dfb1175a68b6a2bfc6b1c2af57c09031d1332fea3ab25a539b43bd475",
                "sha256:b2b2741da83b1e016094b2fef2cadec1abd3ccd3d97428634ec6afe1dcb699b8",
                "sha256:be4664fe153ca6dbd961fb06f99b9b88b114ab44649376253b540aafbf42e469",
                "sha256:c0c4bdcb771a147cb14286e3aeb72267e1664652d4150b0df255f0c210166a62",
                "sha256:c5065b3aec37cd1b7ec2882b3ab86e200d15219a0fb96fea65a16c6b59d3c0f0",
                "sha256:d9ceb6c680ffbe55ef6cf9d93558e0ddb72d616b885d77c536920f3da2112703",
                "sha256:e6c24c83ca64d447a18f041bd53cbe96c74405f59939b6006755105583b62629",
                "sha256:eb6ccd2b47d43199ec9a7c39bd45e399ccb5756e7367aaf92ced3c46fa67b16b",
                "sha256:ef7a07f6a77658a1038e6d22e53458129c04a95b5770f080b5741320d9491e32",
                "sha256:f29a9c5607b0fded7a9f0871dbd06918a88cb0a465acfac5c67f92d1a4115d48",
                "sha256:f54114395aabe13c7c4e4b425145cfd998eaf0781e87a9e9b2e77426f1ec8a82",
                "sha256:f6a4ae8d5e1126bf4d8520a9aa6a82d067ab3ce7d21f58f0d50ead2aebda7bfb"
            ],
            "index": "pypi",
            "version": "==1.14.4"
        },
        "opencv-python": {
            "hashes": [
                "sha256:02342c264ac95fddd6c5dfdc2bf71bf65617d4b0006b1d56b699b559671f8c9d",
                "sha256:049b080c53bc660bce0819cbabeade21bef8cc4f8bd2d4b407e62a576c70ef44",
                "sha256:050202bfcdb4d039dacdb567fe7c04f221f49b59ae5c50c2b111090e2c2451c6",
                "sha256:0b75aa8255eea19c3382dad18423a9809873962b1f8488bc7a232dccb847bfc1",
                "sha256:0fd4c86dbce58bdda149f5175093d50a0396ee5a981675c21b14a30aa667b97f",
                "sha256:151d738d479df018edd050ed146567c6044a19b7b7e3d4e38c726e904bad7a3e",
                "sha256:22e4b07e30da981a4013141809eb974a6f14cd712fa4fa80f8e70d8cc8c155f8",
                "sha256:2cea809afe32cdccf97d66b131afc0fed80076244fb77b68ad9bf016d9cdc261",
                "sha256:2ed45cfe330c0cbd925c5eb8de32b78fae68ae02952b46bf04af813eefc065b7",
                "sha256:57b73647e25402cfd4ecb42d5bb3ddc5ec740a3124b4559c215c073127971cd5",
                "sha256:66f35f28b705272f9f54ecb6decb8954d5b0b2db8506cdcf0c0f9b7014b5b446",
                "sha256:76c732905bd84b84d7c6d8b924471a54d02088e649e006ad8abda4b630a5de93",
                "sha256:7fef1125b7a38ce6a839338109de0dfba604552d5ac2f5a839ed1eb5cf8b5887",
                "sha256:856f492631ac5523dd10c8273d8b7ec708199e4a9096deea880a6fc41ffd1bc9",
                "sha256:a875254c00af87e0b9d81026dff165c7233a37672764f0d647a93fd702afa3ef",
                "sha256:ba7571e14f7aca54552dc0ee71714bc4466c5076b571fed2dd6e1af6879a9532",
                "sha256:bb79ef5db35f08bfd340cac25b89eab1dff0d5cbada9015a988d9092e48bbe5c",
                "sha256:c2cb706934cc55023a2fa597422b4dd18b7bf3cb14033bfe00633b0f16ab9b48",
                "sha256:d34fc04624220b0db3652cf52fc40867267a5c92825850ead98da686aea61bb6",
                "sha256:e27976369de71b159d4e6cb2599bde860570c82eebd6fe2daaca494e6d3037b5",
                "sha256:f4e3d807319e97e406fe76e722a67ec4c20dc2c26f7fea51b66cbb8a5c078eb1",
                "sha256:fc9d2874bfd29dcf238f3d57871d718265573e5e0776980f6eea77409a9ce400"
            ],
            "index": "pypi",
            "version": "==3.4.1.15"
        },
        "werkzeug": {
            "hashes": [
                "sha256:c3fd7a7d41976d9f44db327260e263132466836cef6f91512889ed60ad26557c",
                "sha256:d5da73735293558eb1651ee2fddc4d0dedcfa06538b8813a2e20011583c9e49b"
            ],
            "version": "==0.14.1"
        }
    },
    "develop": {}
}
